// !$*UTF8*$!
{
	archiveVersion = 1;
	classes = {
	};
	objectVersion = 46;
	objects = {

/* Begin PBXBuildFile section */
		77642F3D19C7B10000AFB2DF /* main.m in Sources */ = {isa = PBXBuildFile; fileRef = 77642F3C19C7B10000AFB2DF /* main.m */; };
		77642F4019C7B10000AFB2DF /* AppDelegate.m in Sources */ = {isa = PBXBuildFile; fileRef = 77642F3F19C7B10000AFB2DF /* AppDelegate.m */; };
		77642F4219C7B10000AFB2DF /* Images.xcassets in Resources */ = {isa = PBXBuildFile; fileRef = 77642F4119C7B10000AFB2DF /* Images.xcassets */; };
		77642F4519C7B10000AFB2DF /* MainMenu.xib in Resources */ = {isa = PBXBuildFile; fileRef = 77642F4319C7B10000AFB2DF /* MainMenu.xib */; };
		77642F5119C7B10000AFB2DF /* PullRequesterTests.m in Sources */ = {isa = PBXBuildFile; fileRef = 77642F5019C7B10000AFB2DF /* PullRequesterTests.m */; };
/* End PBXBuildFile section */

/* Begin PBXContainerItemProxy section */
		77642F4B19C7B10000AFB2DF /* PBXContainerItemProxy */ = {
			isa = PBXContainerItemProxy;
			containerPortal = 77642F2F19C7B10000AFB2DF /* Project object */;
			proxyType = 1;
			remoteGlobalIDString = 77642F3619C7B10000AFB2DF;
			remoteInfo = PullRequester;
		};
/* End PBXContainerItemProxy section */

/* Begin PBXFileReference section */
		77642F3719C7B10000AFB2DF /* PullRequester.app */ = {isa = PBXFileReference; explicitFileType = wrapper.application; includeInIndex = 0; path = PullRequester.app; sourceTree = BUILT_PRODUCTS_DIR; };
		77642F3B19C7B10000AFB2DF /* Info.plist */ = {isa = PBXFileReference; lastKnownFileType = text.plist.xml; path = Info.plist; sourceTree = "<group>"; };
		77642F3C19C7B10000AFB2DF /* main.m */ = {isa = PBXFileReference; lastKnownFileType = sourcecode.c.objc; path = main.m; sourceTree = "<group>"; };
		77642F3E19C7B10000AFB2DF /* AppDelegate.h */ = {isa = PBXFileReference; lastKnownFileType = sourcecode.c.h; path = AppDelegate.h; sourceTree = "<group>"; };
		77642F3F19C7B10000AFB2DF /* AppDelegate.m */ = {isa = PBXFileReference; lastKnownFileType = sourcecode.c.objc; path = AppDelegate.m; sourceTree = "<group>"; };
		77642F4119C7B10000AFB2DF /* Images.xcassets */ = {isa = PBXFileReference; lastKnownFileType = folder.assetcatalog; path = Images.xcassets; sourceTree = "<group>"; };
		77642F4419C7B10000AFB2DF /* Base */ = {isa = PBXFileReference; lastKnownFileType = file.xib; name = Base; path = Base.lproj/MainMenu.xib; sourceTree = "<group>"; };
		77642F4A19C7B10000AFB2DF /* PullRequesterTests.xctest */ = {isa = PBXFileReference; explicitFileType = wrapper.cfbundle; includeInIndex = 0; path = PullRequesterTests.xctest; sourceTree = BUILT_PRODUCTS_DIR; };
		77642F4F19C7B10000AFB2DF /* Info.plist */ = {isa = PBXFileReference; lastKnownFileType = text.plist.xml; path = Info.plist; sourceTree = "<group>"; };
		77642F5019C7B10000AFB2DF /* PullRequesterTests.m */ = {isa = PBXFileReference; lastKnownFileType = sourcecode.c.objc; path = PullRequesterTests.m; sourceTree = "<group>"; };
/* End PBXFileReference section */

/* Begin PBXFrameworksBuildPhase section */
		77642F3419C7B10000AFB2DF /* Frameworks */ = {
			isa = PBXFrameworksBuildPhase;
			buildActionMask = 2147483647;
			files = (
			);
			runOnlyForDeploymentPostprocessing = 0;
		};
		77642F4719C7B10000AFB2DF /* Frameworks */ = {
			isa = PBXFrameworksBuildPhase;
			buildActionMask = 2147483647;
			files = (
			);
			runOnlyForDeploymentPostprocessing = 0;
		};
/* End PBXFrameworksBuildPhase section */

/* Begin PBXGroup section */
		77642F2E19C7B10000AFB2DF = {
			isa = PBXGroup;
			children = (
				77642F3919C7B10000AFB2DF /* PullRequester */,
				77642F4D19C7B10000AFB2DF /* PullRequesterTests */,
				77642F3819C7B10000AFB2DF /* Products */,
			);
			sourceTree = "<group>";
		};
		77642F3819C7B10000AFB2DF /* Products */ = {
			isa = PBXGroup;
			children = (
				77642F3719C7B10000AFB2DF /* PullRequester.app */,
				77642F4A19C7B10000AFB2DF /* PullRequesterTests.xctest */,
			);
			name = Products;
			sourceTree = "<group>";
		};
		77642F3919C7B10000AFB2DF /* PullRequester */ = {
			isa = PBXGroup;
			children = (
				77642F3E19C7B10000AFB2DF /* AppDelegate.h */,
				77642F3F19C7B10000AFB2DF /* AppDelegate.m */,
				77642F4119C7B10000AFB2DF /* Images.xcassets */,
				77642F4319C7B10000AFB2DF /* MainMenu.xib */,
				77642F3A19C7B10000AFB2DF /* Supporting Files */,
			);
			path = PullRequester;
			sourceTree = "<group>";
		};
		77642F3A19C7B10000AFB2DF /* Supporting Files */ = {
			isa = PBXGroup;
			children = (
				77642F3B19C7B10000AFB2DF /* Info.plist */,
				77642F3C19C7B10000AFB2DF /* main.m */,
			);
			name = "Supporting Files";
			sourceTree = "<group>";
		};
		77642F4D19C7B10000AFB2DF /* PullRequesterTests */ = {
			isa = PBXGroup;
			children = (
				77642F5019C7B10000AFB2DF /* PullRequesterTests.m */,
				77642F4E19C7B10000AFB2DF /* Supporting Files */,
			);
			path = PullRequesterTests;
			sourceTree = "<group>";
		};
		77642F4E19C7B10000AFB2DF /* Supporting Files */ = {
			isa = PBXGroup;
			children = (
				77642F4F19C7B10000AFB2DF /* Info.plist */,
			);
			name = "Supporting Files";
			sourceTree = "<group>";
		};
/* End PBXGroup section */

/* Begin PBXNativeTarget section */
		77642F3619C7B10000AFB2DF /* PullRequester */ = {
			isa = PBXNativeTarget;
			buildConfigurationList = 77642F5419C7B10000AFB2DF /* Build configuration list for PBXNativeTarget "PullRequester" */;
			buildPhases = (
				77642F3319C7B10000AFB2DF /* Sources */,
				77642F3419C7B10000AFB2DF /* Frameworks */,
				77642F3519C7B10000AFB2DF /* Resources */,
			);
			buildRules = (
			);
			dependencies = (
			);
			name = PullRequester;
			productName = PullRequester;
			productReference = 77642F3719C7B10000AFB2DF /* PullRequester.app */;
			productType = "com.apple.product-type.application";
		};
		77642F4919C7B10000AFB2DF /* PullRequesterTests */ = {
			isa = PBXNativeTarget;
			buildConfigurationList = 77642F5719C7B10000AFB2DF /* Build configuration list for PBXNativeTarget "PullRequesterTests" */;
			buildPhases = (
				77642F4619C7B10000AFB2DF /* Sources */,
				77642F4719C7B10000AFB2DF /* Frameworks */,
				77642F4819C7B10000AFB2DF /* Resources */,
			);
			buildRules = (
			);
			dependencies = (
				77642F4C19C7B10000AFB2DF /* PBXTargetDependency */,
			);
			name = PullRequesterTests;
			productName = PullRequesterTests;
			productReference = 77642F4A19C7B10000AFB2DF /* PullRequesterTests.xctest */;
			productType = "com.apple.product-type.bundle.unit-test";
		};
/* End PBXNativeTarget section */

/* Begin PBXProject section */
		77642F2F19C7B10000AFB2DF /* Project object */ = {
			isa = PBXProject;
			attributes = {
				LastUpgradeCheck = 0600;
				ORGANIZATIONNAME = "Akiva Leffert";
				TargetAttributes = {
					77642F3619C7B10000AFB2DF = {
						CreatedOnToolsVersion = 6.0;
					};
					77642F4919C7B10000AFB2DF = {
						CreatedOnToolsVersion = 6.0;
						TestTargetID = 77642F3619C7B10000AFB2DF;
					};
				};
			};
			buildConfigurationList = 77642F3219C7B10000AFB2DF /* Build configuration list for PBXProject "PullRequester" */;
			compatibilityVersion = "Xcode 3.2";
			developmentRegion = English;
			hasScannedForEncodings = 0;
			knownRegions = (
				en,
				Base,
			);
			mainGroup = 77642F2E19C7B10000AFB2DF;
			productRefGroup = 77642F3819C7B10000AFB2DF /* Products */;
			projectDirPath = "";
			projectRoot = "";
			targets = (
				77642F3619C7B10000AFB2DF /* PullRequester */,
				77642F4919C7B10000AFB2DF /* PullRequesterTests */,
			);
		};
/* End PBXProject section */

/* Begin PBXResourcesBuildPhase section */
		77642F3519C7B10000AFB2DF /* Resources */ = {
			isa = PBXResourcesBuildPhase;
			buildActionMask = 2147483647;
			files = (
				77642F4219C7B10000AFB2DF /* Images.xcassets in Resources */,
				77642F4519C7B10000AFB2DF /* MainMenu.xib in Resources */,
			);
			runOnlyForDeploymentPostprocessing = 0;
		};
		77642F4819C7B10000AFB2DF /* Resources */ = {
			isa = PBXResourcesBuildPhase;
			buildActionMask = 2147483647;
			files = (
			);
			runOnlyForDeploymentPostprocessing = 0;
		};
/* End PBXResourcesBuildPhase section */

/* Begin PBXSourcesBuildPhase section */
		77642F3319C7B10000AFB2DF /* Sources */ = {
			isa = PBXSourcesBuildPhase;
			buildActionMask = 2147483647;
			files = (
				77642F4019C7B10000AFB2DF /* AppDelegate.m in Sources */,
				77642F3D19C7B10000AFB2DF /* main.m in Sources */,
			);
			runOnlyForDeploymentPostprocessing = 0;
		};
		77642F4619C7B10000AFB2DF /* Sources */ = {
			isa = PBXSourcesBuildPhase;
			buildActionMask = 2147483647;
			files = (
				77642F5119C7B10000AFB2DF /* PullRequesterTests.m in Sources */,
			);
			runOnlyForDeploymentPostprocessing = 0;
		};
/* End PBXSourcesBuildPhase section */

/* Begin PBXTargetDependency section */
		77642F4C19C7B10000AFB2DF /* PBXTargetDependency */ = {
			isa = PBXTargetDependency;
			target = 77642F3619C7B10000AFB2DF /* PullRequester */;
			targetProxy = 77642F4B19C7B10000AFB2DF /* PBXContainerItemProxy */;
		};
/* End PBXTargetDependency section */

/* Begin PBXVariantGroup section */
		77642F4319C7B10000AFB2DF /* MainMenu.xib */ = {
			isa = PBXVariantGroup;
			children = (
				77642F4419C7B10000AFB2DF /* Base */,
			);
			name = MainMenu.xib;
			sourceTree = "<group>";
		};
/* End PBXVariantGroup section */

/* Begin XCBuildConfiguration section */
		77642F5219C7B10000AFB2DF /* Debug */ = {
			isa = XCBuildConfiguration;
			buildSettings = {
				ALWAYS_SEARCH_USER_PATHS = NO;
				CLANG_CXX_LANGUAGE_STANDARD = "gnu++0x";
				CLANG_CXX_LIBRARY = "libc++";
				CLANG_ENABLE_MODULES = YES;
				CLANG_ENABLE_OBJC_ARC = YES;
				CLANG_WARN_BOOL_CONVERSION = YES;
				CLANG_WARN_CONSTANT_CONVERSION = YES;
				CLANG_WARN_DIRECT_OBJC_ISA_USAGE = YES_ERROR;
				CLANG_WARN_EMPTY_BODY = YES;
				CLANG_WARN_ENUM_CONVERSION = YES;
				CLANG_WARN_INT_CONVERSION = YES;
				CLANG_WARN_OBJC_ROOT_CLASS = YES_ERROR;
				CLANG_WARN_UNREACHABLE_CODE = YES;
				CLANG_WARN__DUPLICATE_METHOD_MATCH = YES;
				CODE_SIGN_IDENTITY = "-";
				COPY_PHASE_STRIP = NO;
				ENABLE_STRICT_OBJC_MSGSEND = YES;
				GCC_C_LANGUAGE_STANDARD = gnu99;
				GCC_DYNAMIC_NO_PIC = NO;
				GCC_OPTIMIZATION_LEVEL = 0;
				GCC_PREPROCESSOR_DEFINITIONS = (
					"DEBUG=1",
					"$(inherited)",
				);
				GCC_SYMBOLS_PRIVATE_EXTERN = NO;
				GCC_WARN_64_TO_32_BIT_CONVERSION = YES;
				GCC_WARN_ABOUT_RETURN_TYPE = YES_ERROR;
				GCC_WARN_UNDECLARED_SELECTOR = YES;
				GCC_WARN_UNINITIALIZED_AUTOS = YES_AGGRESSIVE;
				GCC_WARN_UNUSED_FUNCTION = YES;
				GCC_WARN_UNUSED_VARIABLE = YES;
				MACOSX_DEPLOYMENT_TARGET = 10.9;
				MTL_ENABLE_DEBUG_INFO = YES;
				ONLY_ACTIVE_ARCH = YES;
				SDKROOT = macosx;
			};
			name = Debug;
		};
		77642F5319C7B10000AFB2DF /* Release */ = {
			isa = XCBuildConfiguration;
			buildSettings = {
				ALWAYS_SEARCH_USER_PATHS = NO;
				CLANG_CXX_LANGUAGE_STANDARD = "gnu++0x";
				CLANG_CXX_LIBRARY = "libc++";
				CLANG_ENABLE_MODULES = YES;
				CLANG_ENABLE_OBJC_ARC = YES;
				CLANG_WARN_BOOL_CONVERSION = YES;
				CLANG_WARN_CONSTANT_CONVERSION = YES;
				CLANG_WARN_DIRECT_OBJC_ISA_USAGE = YES_ERROR;
				CLANG_WARN_EMPTY_BODY = YES;
				CLANG_WARN_ENUM_CONVERSION = YES;
				CLANG_WARN_INT_CONVERSION = YES;
				CLANG_WARN_OBJC_ROOT_CLASS = YES_ERROR;
				CLANG_WARN_UNREACHABLE_CODE = YES;
				CLANG_WARN__DUPLICATE_METHOD_MATCH = YES;
				CODE_SIGN_IDENTITY = "-";
				COPY_PHASE_STRIP = YES;
				DEBUG_INFORMATION_FORMAT = "dwarf-with-dsym";
				ENABLE_NS_ASSERTIONS = NO;
				ENABLE_STRICT_OBJC_MSGSEND = YES;
				GCC_C_LANGUAGE_STANDARD = gnu99;
				GCC_WARN_64_TO_32_BIT_CONVERSION = YES;
				GCC_WARN_ABOUT_RETURN_TYPE = YES_ERROR;
				GCC_WARN_UNDECLARED_SELECTOR = YES;
				GCC_WARN_UNINITIALIZED_AUTOS = YES_AGGRESSIVE;
				GCC_WARN_UNUSED_FUNCTION = YES;
				GCC_WARN_UNUSED_VARIABLE = YES;
				MACOSX_DEPLOYMENT_TARGET = 10.9;
				MTL_ENABLE_DEBUG_INFO = NO;
				SDKROOT = macosx;
			};
			name = Release;
		};
		77642F5519C7B10000AFB2DF /* Debug */ = {
			isa = XCBuildConfiguration;
			buildSettings = {
				ASSETCATALOG_COMPILER_APPICON_NAME = AppIcon;
				COMBINE_HIDPI_IMAGES = YES;
				INFOPLIST_FILE = PullRequester/Info.plist;
				LD_RUNPATH_SEARCH_PATHS = "$(inherited) @executable_path/../Frameworks";
				PRODUCT_NAME = "$(TARGET_NAME)";
			};
			name = Debug;
		};
		77642F5619C7B10000AFB2DF /* Release */ = {
			isa = XCBuildConfiguration;
			buildSettings = {
				ASSETCATALOG_COMPILER_APPICON_NAME = AppIcon;
				COMBINE_HIDPI_IMAGES = YES;
				INFOPLIST_FILE = PullRequester/Info.plist;
				LD_RUNPATH_SEARCH_PATHS = "$(inherited) @executable_path/../Frameworks";
				PRODUCT_NAME = "$(TARGET_NAME)";
			};
			name = Release;
		};
		77642F5819C7B10000AFB2DF /* Debug */ = {
			isa = XCBuildConfiguration;
			buildSettings = {
				BUNDLE_LOADER = "$(TEST_HOST)";
				COMBINE_HIDPI_IMAGES = YES;
				FRAMEWORK_SEARCH_PATHS = (
					"$(DEVELOPER_FRAMEWORKS_DIR)",
					"$(inherited)",
				);
				GCC_PREPROCESSOR_DEFINITIONS = (
					"DEBUG=1",
					"$(inherited)",
				);
				INFOPLIST_FILE = PullRequesterTests/Info.plist;
				LD_RUNPATH_SEARCH_PATHS = "$(inherited) @executable_path/../Frameworks @loader_path/../Frameworks";
				PRODUCT_NAME = "$(TARGET_NAME)";
				TEST_HOST = "$(BUILT_PRODUCTS_DIR)/PullRequester.app/Contents/MacOS/PullRequester";
			};
			name = Debug;
		};
		77642F5919C7B10000AFB2DF /* Release */ = {
			isa = XCBuildConfiguration;
			buildSettings = {
				BUNDLE_LOADER = "$(TEST_HOST)";
				COMBINE_HIDPI_IMAGES = YES;
				FRAMEWORK_SEARCH_PATHS = (
					"$(DEVELOPER_FRAMEWORKS_DIR)",
					"$(inherited)",
				);
				INFOPLIST_FILE = PullRequesterTests/Info.plist;
				LD_RUNPATH_SEARCH_PATHS = "$(inherited) @executable_path/../Frameworks @loader_path/../Frameworks";
				PRODUCT_NAME = "$(TARGET_NAME)";
				TEST_HOST = "$(BUILT_PRODUCTS_DIR)/PullRequester.app/Contents/MacOS/PullRequester";
			};
			name = Release;
		};
/* End XCBuildConfiguration section */

/* Begin XCConfigurationList section */
		77642F3219C7B10000AFB2DF /* Build configuration list for PBXProject "PullRequester" */ = {
			isa = XCConfigurationList;
			buildConfigurations = (
				77642F5219C7B10000AFB2DF /* Debug */,
				77642F5319C7B10000AFB2DF /* Release */,
			);
			defaultConfigurationIsVisible = 0;
			defaultConfigurationName = Release;
		};
		77642F5419C7B10000AFB2DF /* Build configuration list for PBXNativeTarget "PullRequester" */ = {
			isa = XCConfigurationList;
			buildConfigurations = (
				77642F5519C7B10000AFB2DF /* Debug */,
				77642F5619C7B10000AFB2DF /* Release */,
			);
			defaultConfigurationIsVisible = 0;
		};
		77642F5719C7B10000AFB2DF /* Build configuration list for PBXNativeTarget "PullRequesterTests" */ = {
			isa = XCConfigurationList;
			buildConfigurations = (
				77642F5819C7B10000AFB2DF /* Debug */,
				77642F5919C7B10000AFB2DF /* Release */,
			);
			defaultConfigurationIsVisible = 0;
		};
/* End XCConfigurationList section */
	};
	rootObject = 77642F2F19C7B10000AFB2DF /* Project object */;
}
